PODS:
  - DGCharts (5.1.0):
    - DGCharts/Core (= 5.1.0)
  - DGCharts/Core (5.1.0)
  - MyBaseExtension (0.0.6)
  - SnapKit (5.7.1)

DEPENDENCIES:
  - DGCharts
  - MyBaseExtension
  - SnapKit

SPEC REPOS:
  trunk:
    - DGCharts
    - MyBaseExtension
    - SnapKit

SPEC CHECKSUMS:
  DGCharts: 1c6daf585b6cfc78807af44ea690d357c410627f
  MyBaseExtension: e85aca662812e8b5771241a1da2af5e6a9cab2c5
  SnapKit: d612e99e678a2d3b95bf60b0705ed0a35c03484a

PODFILE CHECKSUM: fa90b8b5e88809fb2bd4cd083c8256964fece7ea

COCOAPODS: 1.16.2
